
Microsoft Visual Studio Solution File, Format Version 12.00
# Visual Studio Version 17
VisualStudioVersion = 17.13.35828.75 d17.13
MinimumVisualStudioVersion = 10.0.40219.1
Project("{FAE04EC0-301F-11D3-BF4B-00C04F79EFBC}") = "TrueNetSystem", "TrueNetSystem.csproj", "{EAAF8866-5167-4762-9BCF-8057E3200569}"
EndProject
Global
	GlobalSection(SolutionConfigurationPlatforms) = preSolution
		Debug|Any CPU = Debug|Any CPU
		Release|Any CPU = Release|Any CPU
	EndGlobalSection
	GlobalSection(ProjectConfigurationPlatforms) = postSolution
		{EAAF8866-5167-4762-9BCF-8057E3200569}.Debug|Any CPU.ActiveCfg = Debug|Any CPU
		{EAAF8866-5167-4762-9BCF-8057E3200569}.Debug|Any CPU.Build.0 = Debug|Any CPU
		{EAAF8866-5167-4762-9BCF-8057E3200569}.Release|Any CPU.ActiveCfg = Release|Any CPU
		{EAAF8866-5167-4762-9BCF-8057E3200569}.Release|Any CPU.Build.0 = Release|Any CPU
	EndGlobalSection
	GlobalSection(SolutionProperties) = preSolution
		HideSolutionNode = FALSE
	EndGlobalSection
	GlobalSection(ExtensibilityGlobals) = postSolution
		SolutionGuid = {02309B8C-0408-450E-A51A-F0945E900A14}
	EndGlobalSection
EndGlobal
